
Microsoft Visual Studio Solution File, Format Version 12.00
# Visual Studio Version 16
VisualStudioVersion = 16.0.30225.117
MinimumVisualStudioVersion = 10.0.40219.1
Project("{9A19103F-16F7-4668-BE54-9A1E7A4F7556}") = "SeaTeaDisplay", "SeaTeaDisplay\SeaTeaDisplay.csproj", "{9CDCC6F0-586C-4274-9680-033CECAFABAD}"
EndProject
Global
	GlobalSection(SolutionConfigurationPlatforms) = preSolution
		Debug|Any CPU = Debug|Any CPU
		Debug|x64 = Debug|x64
		Release|Any CPU = Release|Any CPU
		Release|x64 = Release|x64
	EndGlobalSection
	GlobalSection(ProjectConfigurationPlatforms) = postSolution
		{9CDCC6F0-586C-4274-9680-033CECAFABAD}.Debug|Any CPU.ActiveCfg = Debug|Any CPU
		{9CDCC6F0-586C-4274-9680-033CECAFABAD}.Debug|Any CPU.Build.0 = Debug|Any CPU
		{9CDCC6F0-586C-4274-9680-033CECAFABAD}.Debug|x64.ActiveCfg = Debug|x64
		{9CDCC6F0-586C-4274-9680-033CECAFABAD}.Debug|x64.Build.0 = Debug|x64
		{9CDCC6F0-586C-4274-9680-033CECAFABAD}.Release|Any CPU.ActiveCfg = Release|Any CPU
		{9CDCC6F0-586C-4274-9680-033CECAFABAD}.Release|Any CPU.Build.0 = Release|Any CPU
		{9CDCC6F0-586C-4274-9680-033CECAFABAD}.Release|x64.ActiveCfg = Release|x64
		{9CDCC6F0-586C-4274-9680-033CECAFABAD}.Release|x64.Build.0 = Release|x64
	EndGlobalSection
	GlobalSection(SolutionProperties) = preSolution
		HideSolutionNode = FALSE
	EndGlobalSection
	GlobalSection(ExtensibilityGlobals) = postSolution
		SolutionGuid = {97FDF206-56EE-48F8-9EFE-50D031BC00C7}
	EndGlobalSection
EndGlobal
